
Microsoft Visual Studio Solution File, Format Version 12.00
# Visual Studio Version 17
VisualStudioVersion = 17.5.33530.505
MinimumVisualStudioVersion = 10.0.40219.1
Project("{FAE04EC0-301F-11D3-BF4B-00C04F79EFBC}") = "TextFileCreate", "TextFileCreate.csproj", "{32826516-FE75-4C51-B2D3-CD54181FD231}"
EndProject
Global
	GlobalSection(SolutionConfigurationPlatforms) = preSolution
		Debug|Any CPU = Debug|Any CPU
		Release|Any CPU = Release|Any CPU
	EndGlobalSection
	GlobalSection(ProjectConfigurationPlatforms) = postSolution
		{32826516-FE75-4C51-B2D3-CD54181FD231}.Debug|Any CPU.ActiveCfg = Debug|Any CPU
		{32826516-FE75-4C51-B2D3-CD54181FD231}.Debug|Any CPU.Build.0 = Debug|Any CPU
		{32826516-FE75-4C51-B2D3-CD54181FD231}.Release|Any CPU.ActiveCfg = Release|Any CPU
		{32826516-FE75-4C51-B2D3-CD54181FD231}.Release|Any CPU.Build.0 = Release|Any CPU
	EndGlobalSection
	GlobalSection(SolutionProperties) = preSolution
		HideSolutionNode = FALSE
	EndGlobalSection
	GlobalSection(ExtensibilityGlobals) = postSolution
		SolutionGuid = {2EB0C02C-05A0-4286-95BC-47587ACEC152}
	EndGlobalSection
EndGlobal
